// !$*UTF8*$!
{
	archiveVersion = 1;
	classes = {
	};
	objectVersion = 56;
	objects = {

/* Begin PBXBuildFile section */
		2594184A2ED6A62800395A70 /* KernelDebugger.cpp in Sources */ = {isa = PBXBuildFile; fileRef = 259418492ED6A62800395A70 /* KernelDebugger.cpp */; };
		259418572ED6B7BC00395A70 /* libkmod.a in Frameworks */ = {isa = PBXBuildFile; fileRef = 259418562ED6B7BC00395A70 /* libkmod.a */; };
		259418592ED6B86400395A70 /* KernelDebugger.h in Headers */ = {isa = PBXBuildFile; fileRef = 259418512ED6A92800395A70 /* KernelDebugger.h */; };
		2594185C2ED6B8F800395A70 /* plugin_start.cpp in Sources */ = {isa = PBXBuildFile; fileRef = 2594185B2ED6B8F800395A70 /* plugin_start.cpp */; };
/* End PBXBuildFile section */

/* Begin PBXFileReference section */
		259418462ED6A62800395A70 /* KernelDebugger.kext */ = {isa = PBXFileReference; explicitFileType = wrapper.cfbundle; includeInIndex = 0; path = KernelDebugger.kext; sourceTree = BUILT_PRODUCTS_DIR; };
		259418492ED6A62800395A70 /* KernelDebugger.cpp */ = {isa = PBXFileReference; lastKnownFileType = sourcecode.cpp.cpp; path = KernelDebugger.cpp; sourceTree = "<group>"; };
		2594184B2ED6A62800395A70 /* Info.plist */ = {isa = PBXFileReference; lastKnownFileType = text.plist.xml; path = Info.plist; sourceTree = "<group>"; };
		259418512ED6A92800395A70 /* KernelDebugger.h */ = {isa = PBXFileReference; lastKnownFileType = sourcecode.c.h; path = KernelDebugger.h; sourceTree = "<group>"; };
		259418562ED6B7BC00395A70 /* libkmod.a */ = {isa = PBXFileReference; lastKnownFileType = archive.ar; name = libkmod.a; path = MacKernelSDK/Library/x86_64/libkmod.a; sourceTree = "<group>"; };
		2594185B2ED6B8F800395A70 /* plugin_start.cpp */ = {isa = PBXFileReference; fileEncoding = 4; lastKnownFileType = sourcecode.cpp.cpp; path = plugin_start.cpp; sourceTree = "<group>"; };
/* End PBXFileReference section */

/* Begin PBXFrameworksBuildPhase section */
		259418432ED6A62800395A70 /* Frameworks */ = {
			isa = PBXFrameworksBuildPhase;
			buildActionMask = 2147483647;
			files = (
				259418572ED6B7BC00395A70 /* libkmod.a in Frameworks */,
			);
			runOnlyForDeploymentPostprocessing = 0;
		};
/* End PBXFrameworksBuildPhase section */

/* Begin PBXGroup section */
		2594183C2ED6A62700395A70 = {
			isa = PBXGroup;
			children = (
				259418482ED6A62800395A70 /* KernelDebugger */,
				259418472ED6A62800395A70 /* Products */,
				259418552ED6B7BC00395A70 /* Frameworks */,
				259418542ED6AB4100395A70 /* SDK */,
			);
			sourceTree = "<group>";
			usesTabs = 1;
		};
		259418472ED6A62800395A70 /* Products */ = {
			isa = PBXGroup;
			children = (
				259418462ED6A62800395A70 /* KernelDebugger.kext */,
			);
			name = Products;
			sourceTree = "<group>";
		};
		259418482ED6A62800395A70 /* KernelDebugger */ = {
			isa = PBXGroup;
			children = (
				259418492ED6A62800395A70 /* KernelDebugger.cpp */,
				259418512ED6A92800395A70 /* KernelDebugger.h */,
				2594184B2ED6A62800395A70 /* Info.plist */,
			);
			path = KernelDebugger;
			sourceTree = "<group>";
		};
		259418542ED6AB4100395A70 /* SDK */ = {
			isa = PBXGroup;
			children = (
				2594185A2ED6B89500395A70 /* Library */,
			);
			name = SDK;
			sourceTree = "<group>";
		};
		259418552ED6B7BC00395A70 /* Frameworks */ = {
			isa = PBXGroup;
			children = (
				259418562ED6B7BC00395A70 /* libkmod.a */,
			);
			name = Frameworks;
			sourceTree = "<group>";
		};
		2594185A2ED6B89500395A70 /* Library */ = {
			isa = PBXGroup;
			children = (
				2594185B2ED6B8F800395A70 /* plugin_start.cpp */,
			);
			name = Library;
			path = Lilu/Lilu/Library;
			sourceTree = SOURCE_ROOT;
		};
/* End PBXGroup section */

/* Begin PBXHeadersBuildPhase section */
		259418412ED6A62800395A70 /* Headers */ = {
			isa = PBXHeadersBuildPhase;
			buildActionMask = 2147483647;
			files = (
				259418592ED6B86400395A70 /* KernelDebugger.h in Headers */,
			);
			runOnlyForDeploymentPostprocessing = 0;
		};
/* End PBXHeadersBuildPhase section */

/* Begin PBXNativeTarget section */
		259418452ED6A62800395A70 /* KernelDebugger */ = {
			isa = PBXNativeTarget;
			buildConfigurationList = 2594184E2ED6A62800395A70 /* Build configuration list for PBXNativeTarget "KernelDebugger" */;
			buildPhases = (
				259418412ED6A62800395A70 /* Headers */,
				259418422ED6A62800395A70 /* Sources */,
				259418432ED6A62800395A70 /* Frameworks */,
				259418442ED6A62800395A70 /* Resources */,
				259418582ED6B7F400395A70 /* Archive */,
			);
			buildRules = (
			);
			dependencies = (
			);
			name = KernelDebugger;
			productName = KernelDebugger;
			productReference = 259418462ED6A62800395A70 /* KernelDebugger.kext */;
			productType = "com.apple.product-type.kernel-extension";
		};
/* End PBXNativeTarget section */

/* Begin PBXProject section */
		2594183D2ED6A62700395A70 /* Project object */ = {
			isa = PBXProject;
			attributes = {
				BuildIndependentTargetsInParallel = 1;
				LastUpgradeCheck = 1520;
				TargetAttributes = {
					259418452ED6A62800395A70 = {
						CreatedOnToolsVersion = 15.2;
					};
				};
			};
			buildConfigurationList = 259418402ED6A62700395A70 /* Build configuration list for PBXProject "KernelDebugger" */;
			compatibilityVersion = "Xcode 14.0";
			developmentRegion = en;
			hasScannedForEncodings = 0;
			knownRegions = (
				en,
				Base,
			);
			mainGroup = 2594183C2ED6A62700395A70;
			productRefGroup = 259418472ED6A62800395A70 /* Products */;
			projectDirPath = "";
			projectRoot = "";
			targets = (
				259418452ED6A62800395A70 /* KernelDebugger */,
			);
		};
/* End PBXProject section */

/* Begin PBXResourcesBuildPhase section */
		259418442ED6A62800395A70 /* Resources */ = {
			isa = PBXResourcesBuildPhase;
			buildActionMask = 2147483647;
			files = (
			);
			runOnlyForDeploymentPostprocessing = 0;
		};
/* End PBXResourcesBuildPhase section */

/* Begin PBXShellScriptBuildPhase section */
		259418582ED6B7F400395A70 /* Archive */ = {
			isa = PBXShellScriptBuildPhase;
			alwaysOutOfDate = 1;
			buildActionMask = 2147483647;
			files = (
			);
			inputFileListPaths = (
			);
			inputPaths = (
			);
			name = Archive;
			outputFileListPaths = (
			);
			outputPaths = (
				"$(TARGET_BUILD_DIR)/$(PRODUCT_NAME)-$(MODULE_VERSION)-DEBUG.zip",
				"$(TARGET_BUILD_DIR)/$(PRODUCT_NAME)-$(MODULE_VERSION)-RELEASE.zip",
			);
			runOnlyForDeploymentPostprocessing = 0;
			shellPath = /bin/bash;
			shellScript = "cd \"${TARGET_BUILD_DIR}\"\n\ndist=(\"$FULL_PRODUCT_NAME\")\nif [ -d \"$DWARF_DSYM_FILE_NAME\" ]; then dist+=(\"$DWARF_DSYM_FILE_NAME\"); fi\n\narchive=\"${PRODUCT_NAME}-${MODULE_VERSION}-$(echo $CONFIGURATION | tr /a-z/ /A-Z/).zip\"\nrm -rf *.zip\nif [ \"$CONFIGURATION\" == \"Release\" ]; then\n  strip -x -T \"${EXECUTABLE_PATH}\" &>/dev/null || strip -x \"${EXECUTABLE_PATH}\"\nfi\nzip -qry -FS \"${archive}\" \"${dist[@]}\"\n";
			showEnvVarsInLog = 0;
		};
/* End PBXShellScriptBuildPhase section */

/* Begin PBXSourcesBuildPhase section */
		259418422ED6A62800395A70 /* Sources */ = {
			isa = PBXSourcesBuildPhase;
			buildActionMask = 2147483647;
			files = (
				2594184A2ED6A62800395A70 /* KernelDebugger.cpp in Sources */,
				2594185C2ED6B8F800395A70 /* plugin_start.cpp in Sources */,
			);
			runOnlyForDeploymentPostprocessing = 0;
		};
/* End PBXSourcesBuildPhase section */

/* Begin XCBuildConfiguration section */
		2594184C2ED6A62800395A70 /* Debug */ = {
			isa = XCBuildConfiguration;
			buildSettings = {
				ALWAYS_SEARCH_USER_PATHS = NO;
				CLANG_ANALYZER_NONNULL = YES;
				CLANG_ANALYZER_NUMBER_OBJECT_CONVERSION = YES_AGGRESSIVE;
				CLANG_CXX_LANGUAGE_STANDARD = "gnu++20";
				CLANG_ENABLE_MODULES = YES;
				CLANG_ENABLE_OBJC_ARC = YES;
				CLANG_ENABLE_OBJC_WEAK = YES;
				CLANG_WARN_BLOCK_CAPTURE_AUTORELEASING = YES;
				CLANG_WARN_BOOL_CONVERSION = YES;
				CLANG_WARN_COMMA = YES;
				CLANG_WARN_CONSTANT_CONVERSION = YES;
				CLANG_WARN_DEPRECATED_OBJC_IMPLEMENTATIONS = YES;
				CLANG_WARN_DIRECT_OBJC_ISA_USAGE = YES_ERROR;
				CLANG_WARN_DOCUMENTATION_COMMENTS = YES;
				CLANG_WARN_EMPTY_BODY = YES;
				CLANG_WARN_ENUM_CONVERSION = YES;
				CLANG_WARN_INFINITE_RECURSION = YES;
				CLANG_WARN_INT_CONVERSION = YES;
				CLANG_WARN_NON_LITERAL_NULL_CONVERSION = YES;
				CLANG_WARN_OBJC_IMPLICIT_RETAIN_SELF = YES;
				CLANG_WARN_OBJC_LITERAL_CONVERSION = YES;
				CLANG_WARN_OBJC_ROOT_CLASS = YES_ERROR;
				CLANG_WARN_QUOTED_INCLUDE_IN_FRAMEWORK_HEADER = YES;
				CLANG_WARN_RANGE_LOOP_ANALYSIS = YES;
				CLANG_WARN_STRICT_PROTOTYPES = YES;
				CLANG_WARN_SUSPICIOUS_MOVE = YES;
				CLANG_WARN_UNGUARDED_AVAILABILITY = YES_AGGRESSIVE;
				CLANG_WARN_UNREACHABLE_CODE = YES;
				CLANG_WARN__DUPLICATE_METHOD_MATCH = YES;
				COPY_PHASE_STRIP = NO;
				DEBUG_INFORMATION_FORMAT = dwarf;
				ENABLE_STRICT_OBJC_MSGSEND = YES;
				ENABLE_TESTABILITY = YES;
				ENABLE_USER_SCRIPT_SANDBOXING = YES;
				GCC_C_LANGUAGE_STANDARD = gnu17;
				GCC_DYNAMIC_NO_PIC = NO;
				GCC_NO_COMMON_BLOCKS = YES;
				GCC_OPTIMIZATION_LEVEL = 0;
				GCC_PREPROCESSOR_DEFINITIONS = (
					"MODULE_VERSION=$(MODULE_VERSION)",
					"PRODUCT_NAME=$(PRODUCT_NAME)",
					"APPLE_KEXT_ASSERTIONS=1",
					"DEBUG=1",
					"$(inherited)",
				);
				GCC_WARN_64_TO_32_BIT_CONVERSION = YES;
				GCC_WARN_ABOUT_RETURN_TYPE = YES_ERROR;
				GCC_WARN_UNDECLARED_SELECTOR = YES;
				GCC_WARN_UNINITIALIZED_AUTOS = YES_AGGRESSIVE;
				GCC_WARN_UNUSED_FUNCTION = YES;
				GCC_WARN_UNUSED_VARIABLE = YES;
				HEADER_SEARCH_PATHS = (
					"$(inherited)",
					"$(PROJECT_DIR)/$(PRODUCT_NAME)",
				);
				LIBRARY_SEARCH_PATHS = "$(PROJECT_DIR)/MacKernelSDK/Library/x86_64";
				LOCALIZATION_PREFERS_STRING_CATALOGS = YES;
				MACOSX_DEPLOYMENT_TARGET = 13.7;
				ONLY_ACTIVE_ARCH = YES;
				SDKROOT = macosx;
			};
			name = Debug;
		};
		2594184D2ED6A62800395A70 /* Release */ = {
			isa = XCBuildConfiguration;
			buildSettings = {
				ALWAYS_SEARCH_USER_PATHS = NO;
				CLANG_ANALYZER_NONNULL = YES;
				CLANG_ANALYZER_NUMBER_OBJECT_CONVERSION = YES_AGGRESSIVE;
				CLANG_CXX_LANGUAGE_STANDARD = "gnu++20";
				CLANG_ENABLE_MODULES = YES;
				CLANG_ENABLE_OBJC_ARC = YES;
				CLANG_ENABLE_OBJC_WEAK = YES;
				CLANG_WARN_BLOCK_CAPTURE_AUTORELEASING = YES;
				CLANG_WARN_BOOL_CONVERSION = YES;
				CLANG_WARN_COMMA = YES;
				CLANG_WARN_CONSTANT_CONVERSION = YES;
				CLANG_WARN_DEPRECATED_OBJC_IMPLEMENTATIONS = YES;
				CLANG_WARN_DIRECT_OBJC_ISA_USAGE = YES_ERROR;
				CLANG_WARN_DOCUMENTATION_COMMENTS = YES;
				CLANG_WARN_EMPTY_BODY = YES;
				CLANG_WARN_ENUM_CONVERSION = YES;
				CLANG_WARN_INFINITE_RECURSION = YES;
				CLANG_WARN_INT_CONVERSION = YES;
				CLANG_WARN_NON_LITERAL_NULL_CONVERSION = YES;
				CLANG_WARN_OBJC_IMPLICIT_RETAIN_SELF = YES;
				CLANG_WARN_OBJC_LITERAL_CONVERSION = YES;
				CLANG_WARN_OBJC_ROOT_CLASS = YES_ERROR;
				CLANG_WARN_QUOTED_INCLUDE_IN_FRAMEWORK_HEADER = YES;
				CLANG_WARN_RANGE_LOOP_ANALYSIS = YES;
				CLANG_WARN_STRICT_PROTOTYPES = YES;
				CLANG_WARN_SUSPICIOUS_MOVE = YES;
				CLANG_WARN_UNGUARDED_AVAILABILITY = YES_AGGRESSIVE;
				CLANG_WARN_UNREACHABLE_CODE = YES;
				CLANG_WARN__DUPLICATE_METHOD_MATCH = YES;
				COPY_PHASE_STRIP = NO;
				DEBUG_INFORMATION_FORMAT = "dwarf-with-dsym";
				ENABLE_NS_ASSERTIONS = NO;
				ENABLE_STRICT_OBJC_MSGSEND = YES;
				ENABLE_USER_SCRIPT_SANDBOXING = YES;
				GCC_C_LANGUAGE_STANDARD = gnu17;
				GCC_NO_COMMON_BLOCKS = YES;
				GCC_WARN_64_TO_32_BIT_CONVERSION = YES;
				GCC_WARN_ABOUT_RETURN_TYPE = YES_ERROR;
				GCC_WARN_UNDECLARED_SELECTOR = YES;
				GCC_WARN_UNINITIALIZED_AUTOS = YES_AGGRESSIVE;
				GCC_WARN_UNUSED_FUNCTION = YES;
				GCC_WARN_UNUSED_VARIABLE = YES;
				HEADER_SEARCH_PATHS = (
					"$(inherited)",
					"$(PROJECT_DIR)/$(PRODUCT_NAME)",
				);
				LIBRARY_SEARCH_PATHS = "$(PROJECT_DIR)/MacKernelSDK/Library/x86_64";
				LOCALIZATION_PREFERS_STRING_CATALOGS = YES;
				MACOSX_DEPLOYMENT_TARGET = 13.7;
				SDKROOT = macosx;
			};
			name = Release;
		};
		2594184F2ED6A62800395A70 /* Debug */ = {
			isa = XCBuildConfiguration;
			buildSettings = {
				ARCHS = x86_64;
				CLANG_CXX_LIBRARY = "compiler-default";
				CLANG_WARN_QUOTED_INCLUDE_IN_FRAMEWORK_HEADER = NO;
				CODE_SIGN_IDENTITY = "-";
				CURRENT_PROJECT_VERSION = 1.0.4;
				DEVELOPMENT_TEAM = "";
				ENABLE_USER_SCRIPT_SANDBOXING = NO;
				GENERATE_INFOPLIST_FILE = YES;
				HEADER_SEARCH_PATHS = (
					"$(PROJECT_DIR)/Lilu/Lilu",
					"$(PROJECT_DIR)/MacKernelSDK/Headers",
				);
				INFOPLIST_FILE = KernelDebugger/Info.plist;
				INFOPLIST_KEY_NSHumanReadableCopyright = "Copyright © 2025 hg13";
				KERNEL_EXTENSION_HEADER_SEARCH_PATHS = "$(PROJECT_DIR)/MacKernelSDK/Headers";
				KERNEL_FRAMEWORK_HEADERS = "$(PROJECT_DIR)/MacKernelSDK/Headers";
				LIBRARY_SEARCH_PATHS = (
					"$(inherited)",
					"$(PROJECT_DIR)/MacKernelSDK/Library/x86_64",
				);
				MACOSX_DEPLOYMENT_TARGET = 12.0;
				MARKETING_VERSION = 1.0.4;
				MODULE_NAME = com.hg13.KernelDebugger;
				MODULE_START = "$(PRODUCT_NAME)_kern_start";
				MODULE_STOP = "$(PRODUCT_NAME)_kern_stop";
				MODULE_VERSION = 1.0.4;
				OTHER_CFLAGS = (
					"-mmmx",
					"-msse",
					"-msse2",
					"-msse3",
					"-mfpmath=sse",
					"-mssse3",
					"-ftree-vectorize",
					"-fno-non-call-exceptions",
					"-fno-builtin",
					"-fno-asynchronous-unwind-tables",
					"-Wall",
					"-Wextra",
					"-Wunused-parameter",
				);
				PRODUCT_BUNDLE_IDENTIFIER = "$(MODULE_NAME)";
				"PRODUCT_BUNDLE_IDENTIFIER[sdk=macosx*]" = com.hg13.KernelDebugger;
				PRODUCT_NAME = "$(TARGET_NAME)";
				PROVISIONING_PROFILE_SPECIFIER = "";
				RUN_CLANG_STATIC_ANALYZER = YES;
				SWIFT_EMIT_LOC_STRINGS = YES;
				WRAPPER_EXTENSION = kext;
			};
			name = Debug;
		};
		259418502ED6A62800395A70 /* Release */ = {
			isa = XCBuildConfiguration;
			buildSettings = {
				ARCHS = x86_64;
				CLANG_CXX_LIBRARY = "compiler-default";
				CLANG_WARN_QUOTED_INCLUDE_IN_FRAMEWORK_HEADER = NO;
				CODE_SIGN_IDENTITY = "-";
				CURRENT_PROJECT_VERSION = 1.0.4;
				DEVELOPMENT_TEAM = "";
				ENABLE_NS_ASSERTIONS = YES;
				ENABLE_USER_SCRIPT_SANDBOXING = NO;
				GCC_PREPROCESSOR_DEFINITIONS = (
					"MODULE_VERSION=$(MODULE_VERSION)",
					"PRODUCT_NAME=$(PRODUCT_NAME)",
					"APPLE_KEXT_ASSERTIONS=1",
					"DEBUG=1",
				);
				GENERATE_INFOPLIST_FILE = YES;
				HEADER_SEARCH_PATHS = (
					"$(PROJECT_DIR)/Lilu/Lilu",
					"$(PROJECT_DIR)/MacKernelSDK/Headers",
				);
				INFOPLIST_FILE = KernelDebugger/Info.plist;
				INFOPLIST_KEY_NSHumanReadableCopyright = "Copyright © 2025 hg13";
				KERNEL_EXTENSION_HEADER_SEARCH_PATHS = "$(PROJECT_DIR)/MacKernelSDK/Headers";
				KERNEL_FRAMEWORK_HEADERS = "$(PROJECT_DIR)/MacKernelSDK/Headers";
				LIBRARY_SEARCH_PATHS = (
					"$(inherited)",
					"$(PROJECT_DIR)/MacKernelSDK/Library/x86_64",
				);
				LLVM_LTO = YES_THIN;
				MACOSX_DEPLOYMENT_TARGET = 12.0;
				MARKETING_VERSION = 1.0.4;
				MODULE_NAME = com.hg13.KernelDebugger;
				MODULE_START = "$(PRODUCT_NAME)_kern_start";
				MODULE_STOP = "$(PRODUCT_NAME)_kern_stop";
				MODULE_VERSION = 1.0.4;
				OTHER_CFLAGS = (
					"-mmmx",
					"-msse",
					"-msse2",
					"-msse3",
					"-mfpmath=sse",
					"-mssse3",
					"-ftree-vectorize",
					"-fno-non-call-exceptions",
					"-fno-builtin",
					"-fno-asynchronous-unwind-tables",
					"-Wall",
					"-Wextra",
					"-Wunused-parameter",
				);
				PRODUCT_BUNDLE_IDENTIFIER = "$(MODULE_NAME)";
				"PRODUCT_BUNDLE_IDENTIFIER[sdk=macosx*]" = com.hg13.KernelDebugger;
				PRODUCT_NAME = "$(TARGET_NAME)";
				PROVISIONING_PROFILE_SPECIFIER = "";
				RUN_CLANG_STATIC_ANALYZER = YES;
				SWIFT_EMIT_LOC_STRINGS = YES;
				WRAPPER_EXTENSION = kext;
			};
			name = Release;
		};
/* End XCBuildConfiguration section */

/* Begin XCConfigurationList section */
		259418402ED6A62700395A70 /* Build configuration list for PBXProject "KernelDebugger" */ = {
			isa = XCConfigurationList;
			buildConfigurations = (
				2594184C2ED6A62800395A70 /* Debug */,
				2594184D2ED6A62800395A70 /* Release */,
			);
			defaultConfigurationIsVisible = 0;
			defaultConfigurationName = Release;
		};
		2594184E2ED6A62800395A70 /* Build configuration list for PBXNativeTarget "KernelDebugger" */ = {
			isa = XCConfigurationList;
			buildConfigurations = (
				2594184F2ED6A62800395A70 /* Debug */,
				259418502ED6A62800395A70 /* Release */,
			);
			defaultConfigurationIsVisible = 0;
			defaultConfigurationName = Release;
		};
/* End XCConfigurationList section */
	};
	rootObject = 2594183D2ED6A62700395A70 /* Project object */;
}
